
Microsoft Visual Studio Solution File, Format Version 12.00
# Visual Studio Version 16
VisualStudioVersion = 16.0.29411.108
MinimumVisualStudioVersion = 10.0.40219.1
Project("{FAE04EC0-301F-11D3-BF4B-00C04F79EFBC}") = "FCU.Trb.Compilador", "FCU.Trb.Compilador\FCU.Trb.Compilador.csproj", "{FDE86D4E-561B-48EA-B31E-061E154FC6ED}"
EndProject
Global
	GlobalSection(SolutionConfigurationPlatforms) = preSolution
		Debug|Any CPU = Debug|Any CPU
		Release|Any CPU = Release|Any CPU
	EndGlobalSection
	GlobalSection(ProjectConfigurationPlatforms) = postSolution
		{FDE86D4E-561B-48EA-B31E-061E154FC6ED}.Debug|Any CPU.ActiveCfg = Debug|Any CPU
		{FDE86D4E-561B-48EA-B31E-061E154FC6ED}.Debug|Any CPU.Build.0 = Debug|Any CPU
		{FDE86D4E-561B-48EA-B31E-061E154FC6ED}.Release|Any CPU.ActiveCfg = Release|Any CPU
		{FDE86D4E-561B-48EA-B31E-061E154FC6ED}.Release|Any CPU.Build.0 = Release|Any CPU
	EndGlobalSection
	GlobalSection(SolutionProperties) = preSolution
		HideSolutionNode = FALSE
	EndGlobalSection
	GlobalSection(ExtensibilityGlobals) = postSolution
		SolutionGuid = {41E58D60-99B6-4C30-9B8C-082A75575620}
	EndGlobalSection
EndGlobal
